
Microsoft Visual Studio Solution File, Format Version 12.00
# Visual Studio Version 16
VisualStudioVersion = 16.0.30503.244
MinimumVisualStudioVersion = 10.0.40219.1
Project("{FAE04EC0-301F-11D3-BF4B-00C04F79EFBC}") = "SwitchCase", "SwitchCase\SwitchCase.csproj", "{989A2339-3984-4489-8154-298B185CDD06}"
EndProject
Global
	GlobalSection(SolutionConfigurationPlatforms) = preSolution
		Debug|Any CPU = Debug|Any CPU
		Release|Any CPU = Release|Any CPU
	EndGlobalSection
	GlobalSection(ProjectConfigurationPlatforms) = postSolution
		{989A2339-3984-4489-8154-298B185CDD06}.Debug|Any CPU.ActiveCfg = Debug|Any CPU
		{989A2339-3984-4489-8154-298B185CDD06}.Debug|Any CPU.Build.0 = Debug|Any CPU
		{989A2339-3984-4489-8154-298B185CDD06}.Release|Any CPU.ActiveCfg = Release|Any CPU
		{989A2339-3984-4489-8154-298B185CDD06}.Release|Any CPU.Build.0 = Release|Any CPU
	EndGlobalSection
	GlobalSection(SolutionProperties) = preSolution
		HideSolutionNode = FALSE
	EndGlobalSection
	GlobalSection(ExtensibilityGlobals) = postSolution
		SolutionGuid = {8D9DBC3E-6B7E-4D97-994E-036A88BB147B}
	EndGlobalSection
EndGlobal
