
Microsoft Visual Studio Solution File, Format Version 12.00
# Visual Studio Version 16
VisualStudioVersion = 16.0.30503.244
MinimumVisualStudioVersion = 10.0.40219.1
Project("{9A19103F-16F7-4668-BE54-9A1E7A4F7556}") = "Lab1Them_Bai2", "Lab1Them_Bai2.csproj", "{B4831578-DC86-441C-881E-684522934649}"
EndProject
Global
	GlobalSection(SolutionConfigurationPlatforms) = preSolution
		Debug|Any CPU = Debug|Any CPU
		Release|Any CPU = Release|Any CPU
	EndGlobalSection
	GlobalSection(ProjectConfigurationPlatforms) = postSolution
		{B4831578-DC86-441C-881E-684522934649}.Debug|Any CPU.ActiveCfg = Debug|Any CPU
		{B4831578-DC86-441C-881E-684522934649}.Debug|Any CPU.Build.0 = Debug|Any CPU
		{B4831578-DC86-441C-881E-684522934649}.Release|Any CPU.ActiveCfg = Release|Any CPU
		{B4831578-DC86-441C-881E-684522934649}.Release|Any CPU.Build.0 = Release|Any CPU
	EndGlobalSection
	GlobalSection(SolutionProperties) = preSolution
		HideSolutionNode = FALSE
	EndGlobalSection
	GlobalSection(ExtensibilityGlobals) = postSolution
		SolutionGuid = {414243CE-F730-4946-B26C-5348EAA0235A}
	EndGlobalSection
EndGlobal
