
Microsoft Visual Studio Solution File, Format Version 12.00
# Visual Studio Version 16
VisualStudioVersion = 16.0.30503.244
MinimumVisualStudioVersion = 10.0.40219.1
Project("{9A19103F-16F7-4668-BE54-9A1E7A4F7556}") = "Lab1Them_Bai1", "Lab1Them_Bai1.csproj", "{109C27E3-2E2D-47DB-A83B-DD12A98B96DC}"
EndProject
Global
	GlobalSection(SolutionConfigurationPlatforms) = preSolution
		Debug|Any CPU = Debug|Any CPU
		Release|Any CPU = Release|Any CPU
	EndGlobalSection
	GlobalSection(ProjectConfigurationPlatforms) = postSolution
		{109C27E3-2E2D-47DB-A83B-DD12A98B96DC}.Debug|Any CPU.ActiveCfg = Debug|Any CPU
		{109C27E3-2E2D-47DB-A83B-DD12A98B96DC}.Debug|Any CPU.Build.0 = Debug|Any CPU
		{109C27E3-2E2D-47DB-A83B-DD12A98B96DC}.Release|Any CPU.ActiveCfg = Release|Any CPU
		{109C27E3-2E2D-47DB-A83B-DD12A98B96DC}.Release|Any CPU.Build.0 = Release|Any CPU
	EndGlobalSection
	GlobalSection(SolutionProperties) = preSolution
		HideSolutionNode = FALSE
	EndGlobalSection
	GlobalSection(ExtensibilityGlobals) = postSolution
		SolutionGuid = {6D4BF1D7-2FFD-4F58-B416-DBB23A04A4FD}
	EndGlobalSection
EndGlobal
