
Microsoft Visual Studio Solution File, Format Version 12.00
# Visual Studio Version 16
VisualStudioVersion = 16.0.30503.244
MinimumVisualStudioVersion = 10.0.40219.1
Project("{FAE04EC0-301F-11D3-BF4B-00C04F79EFBC}") = "Lab1_Animal", "Lab1_Animal\Lab1_Animal.csproj", "{F885F7F5-1371-4B5D-B4CF-F8B01486EC3B}"
EndProject
Global
	GlobalSection(SolutionConfigurationPlatforms) = preSolution
		Debug|Any CPU = Debug|Any CPU
		Release|Any CPU = Release|Any CPU
	EndGlobalSection
	GlobalSection(ProjectConfigurationPlatforms) = postSolution
		{F885F7F5-1371-4B5D-B4CF-F8B01486EC3B}.Debug|Any CPU.ActiveCfg = Debug|Any CPU
		{F885F7F5-1371-4B5D-B4CF-F8B01486EC3B}.Debug|Any CPU.Build.0 = Debug|Any CPU
		{F885F7F5-1371-4B5D-B4CF-F8B01486EC3B}.Release|Any CPU.ActiveCfg = Release|Any CPU
		{F885F7F5-1371-4B5D-B4CF-F8B01486EC3B}.Release|Any CPU.Build.0 = Release|Any CPU
	EndGlobalSection
	GlobalSection(SolutionProperties) = preSolution
		HideSolutionNode = FALSE
	EndGlobalSection
	GlobalSection(ExtensibilityGlobals) = postSolution
		SolutionGuid = {31A1CE8F-91FD-49DD-B2B0-D19DACE17A1F}
	EndGlobalSection
EndGlobal
