
Microsoft Visual Studio Solution File, Format Version 12.00
# Visual Studio Version 16
VisualStudioVersion = 16.0.30503.244
MinimumVisualStudioVersion = 10.0.40219.1
Project("{FAE04EC0-301F-11D3-BF4B-00C04F79EFBC}") = "Lab6Them_Bai1", "Lab6Them_Bai1\Lab6Them_Bai1.csproj", "{6B1E1B33-F35D-4E4A-A8BE-412E3A4A8418}"
EndProject
Global
	GlobalSection(SolutionConfigurationPlatforms) = preSolution
		Debug|Any CPU = Debug|Any CPU
		Release|Any CPU = Release|Any CPU
	EndGlobalSection
	GlobalSection(ProjectConfigurationPlatforms) = postSolution
		{6B1E1B33-F35D-4E4A-A8BE-412E3A4A8418}.Debug|Any CPU.ActiveCfg = Debug|Any CPU
		{6B1E1B33-F35D-4E4A-A8BE-412E3A4A8418}.Debug|Any CPU.Build.0 = Debug|Any CPU
		{6B1E1B33-F35D-4E4A-A8BE-412E3A4A8418}.Release|Any CPU.ActiveCfg = Release|Any CPU
		{6B1E1B33-F35D-4E4A-A8BE-412E3A4A8418}.Release|Any CPU.Build.0 = Release|Any CPU
	EndGlobalSection
	GlobalSection(SolutionProperties) = preSolution
		HideSolutionNode = FALSE
	EndGlobalSection
	GlobalSection(ExtensibilityGlobals) = postSolution
		SolutionGuid = {F7AF9559-5CFF-4FCF-9D02-A3DBAB6C571A}
	EndGlobalSection
EndGlobal
