
Microsoft Visual Studio Solution File, Format Version 12.00
# Visual Studio Version 16
VisualStudioVersion = 16.0.30503.244
MinimumVisualStudioVersion = 10.0.40219.1
Project("{FAE04EC0-301F-11D3-BF4B-00C04F79EFBC}") = "GaussTrick", "GaussTrick\GaussTrick.csproj", "{29940364-B426-4B84-9B3B-31D9BD1EA59B}"
EndProject
Global
	GlobalSection(SolutionConfigurationPlatforms) = preSolution
		Debug|Any CPU = Debug|Any CPU
		Release|Any CPU = Release|Any CPU
	EndGlobalSection
	GlobalSection(ProjectConfigurationPlatforms) = postSolution
		{29940364-B426-4B84-9B3B-31D9BD1EA59B}.Debug|Any CPU.ActiveCfg = Debug|Any CPU
		{29940364-B426-4B84-9B3B-31D9BD1EA59B}.Debug|Any CPU.Build.0 = Debug|Any CPU
		{29940364-B426-4B84-9B3B-31D9BD1EA59B}.Release|Any CPU.ActiveCfg = Release|Any CPU
		{29940364-B426-4B84-9B3B-31D9BD1EA59B}.Release|Any CPU.Build.0 = Release|Any CPU
	EndGlobalSection
	GlobalSection(SolutionProperties) = preSolution
		HideSolutionNode = FALSE
	EndGlobalSection
	GlobalSection(ExtensibilityGlobals) = postSolution
		SolutionGuid = {D3637C2D-6C3E-46D2-AB6A-275780B58621}
	EndGlobalSection
EndGlobal
